schema: '2.0'
stages:
  preprocess:
    cmd: python src/preprocess.py
    deps:
    - path: data/raw/dataset_v3.csv
      hash: md5
      md5: 9409d214d82b5d78e27a15ab39024f32
      size: 2290908
    - path: params.yaml
      hash: md5
      md5: 64e421fade4921348308f6397fee4417
      size: 363
    - path: src/preprocess.py
      hash: md5
      md5: 2324858fe363809c9088faa803b4fd5c
      size: 2529
    outs:
    - path: data/processed/X_test.csv
      hash: md5
      md5: 5d4f68bf65a3fba2eaca2fdd756e8751
      size: 794982
    - path: data/processed/X_train.csv
      hash: md5
      md5: 62d33c2393c5d381a61da4bb132be259
      size: 3178607
    - path: data/processed/y_test.csv
      hash: md5
      md5: a278b52a9245f42745d0e855f9137121
      size: 34362
    - path: data/processed/y_train.csv
      hash: md5
      md5: 1c047eb25d9f2b6637afa9ed8e5b4923
      size: 137318
  train:
    cmd: python src/train.py
    deps:
    - path: data/processed/X_train.csv
      hash: md5
      md5: 62d33c2393c5d381a61da4bb132be259
      size: 3178607
    - path: data/processed/y_train.csv
      hash: md5
      md5: 1c047eb25d9f2b6637afa9ed8e5b4923
      size: 137318
    - path: params.yaml
      hash: md5
      md5: 64e421fade4921348308f6397fee4417
      size: 363
    - path: src/train.py
      hash: md5
      md5: 755b50b3cc96c1d6af9cd1b23f23332e
      size: 2961
    outs:
    - path: models/best_model.joblib
      hash: md5
      md5: cd79f43b46c237ab86aaa43bc4caacfa
      size: 486225
    - path: models/best_model_info.json
      hash: md5
      md5: db954a7201eb33281f6fd62c3d382639
      size: 540
  evaluate:
    cmd: python src/evaluate.py
    deps:
    - path: data/processed/X_test.csv
      hash: md5
      md5: 5d4f68bf65a3fba2eaca2fdd756e8751
      size: 794982
    - path: data/processed/y_test.csv
      hash: md5
      md5: a278b52a9245f42745d0e855f9137121
      size: 34362
    - path: models/best_model.joblib
      hash: md5
      md5: cd79f43b46c237ab86aaa43bc4caacfa
      size: 486225
    - path: models/best_model_info.json
      hash: md5
      md5: db954a7201eb33281f6fd62c3d382639
      size: 540
    - path: params.yaml
      hash: md5
      md5: 64e421fade4921348308f6397fee4417
      size: 363
    - path: src/evaluate.py
      hash: md5
      md5: 473d21acd1e3d851938ba425f2f252c4
      size: 1471
    outs:
    - path: metrics.json
      hash: md5
      md5: ba3025c645d793b97bbed620d6d699e8
      size: 131
