schema: '2.0'
stages:
  preprocess:
    cmd: python src/preprocess.py
    deps:
    - path: data/raw/dataset_v4.csv
      hash: md5
      md5: 88af67c9476b7bd53467cd95ba84d8aa
      size: 2417925
    - path: params.yaml
      hash: md5
      md5: e4c3cf988aec913e1302956e481c2eca
      size: 363
    - path: src/preprocess.py
      hash: md5
      md5: 2324858fe363809c9088faa803b4fd5c
      size: 2529
    outs:
    - path: data/processed/X_test.csv
      hash: md5
      md5: 792e0c91a2140c47cce271062d720453
      size: 795019
    - path: data/processed/X_train.csv
      hash: md5
      md5: 1bfdffcb9611eba5a501d850dbd0738e
      size: 3179563
    - path: data/processed/y_test.csv
      hash: md5
      md5: a278b52a9245f42745d0e855f9137121
      size: 34362
    - path: data/processed/y_train.csv
      hash: md5
      md5: 1c047eb25d9f2b6637afa9ed8e5b4923
      size: 137318
  train:
    cmd: python src/train.py
    deps:
    - path: data/processed/X_train.csv
      hash: md5
      md5: 1bfdffcb9611eba5a501d850dbd0738e
      size: 3179563
    - path: data/processed/y_train.csv
      hash: md5
      md5: 1c047eb25d9f2b6637afa9ed8e5b4923
      size: 137318
    - path: params.yaml
      hash: md5
      md5: e4c3cf988aec913e1302956e481c2eca
      size: 363
    - path: src/train.py
      hash: md5
      md5: 755b50b3cc96c1d6af9cd1b23f23332e
      size: 2961
    outs:
    - path: models/best_model.joblib
      hash: md5
      md5: e0e41827c76cf6537611949e612bb9e5
      size: 486225
    - path: models/best_model_info.json
      hash: md5
      md5: 6c471094cf12b2643e87c6f430974998
      size: 539
  evaluate:
    cmd: python src/evaluate.py
    deps:
    - path: data/processed/X_test.csv
      hash: md5
      md5: 792e0c91a2140c47cce271062d720453
      size: 795019
    - path: data/processed/y_test.csv
      hash: md5
      md5: a278b52a9245f42745d0e855f9137121
      size: 34362
    - path: models/best_model.joblib
      hash: md5
      md5: e0e41827c76cf6537611949e612bb9e5
      size: 486225
    - path: models/best_model_info.json
      hash: md5
      md5: 6c471094cf12b2643e87c6f430974998
      size: 539
    - path: params.yaml
      hash: md5
      md5: e4c3cf988aec913e1302956e481c2eca
      size: 363
    - path: src/evaluate.py
      hash: md5
      md5: 473d21acd1e3d851938ba425f2f252c4
      size: 1471
    outs:
    - path: metrics.json
      hash: md5
      md5: 209965aab4f7b93f93178dffe80bbfe5
      size: 131
