schema: '2.0'
stages:
  preprocess:
    cmd: python src/preprocess.py
    deps:
    - path: data/raw/dataset_v5.csv
      hash: md5
      md5: f31cbcf251e65aed9c4074f3c4d1b237
      size: 2319279
    - path: params.yaml
      hash: md5
      md5: 0bd4aaaaee6a0dbfb297cbc16c19e810
      size: 363
    - path: src/preprocess.py
      hash: md5
      md5: 2324858fe363809c9088faa803b4fd5c
      size: 2529
    outs:
    - path: data/processed/X_test.csv
      hash: md5
      md5: 42beb7b9159c388ec167d81d057d76af
      size: 787404
    - path: data/processed/X_train.csv
      hash: md5
      md5: 85b2733fa9c675980bf72792a6edb045
      size: 3148088
    - path: data/processed/y_test.csv
      hash: md5
      md5: a821ef12f66baa78a0bc7c8c251c2e49
      size: 33972
    - path: data/processed/y_train.csv
      hash: md5
      md5: 3d38f6f3ee2205fc8edec11e5407430a
      size: 136044
  train:
    cmd: python src/train.py
    deps:
    - path: data/processed/X_train.csv
      hash: md5
      md5: 85b2733fa9c675980bf72792a6edb045
      size: 3148088
    - path: data/processed/y_train.csv
      hash: md5
      md5: 3d38f6f3ee2205fc8edec11e5407430a
      size: 136044
    - path: params.yaml
      hash: md5
      md5: 0bd4aaaaee6a0dbfb297cbc16c19e810
      size: 363
    - path: src/train.py
      hash: md5
      md5: 755b50b3cc96c1d6af9cd1b23f23332e
      size: 2961
    outs:
    - path: models/best_model.joblib
      hash: md5
      md5: 3c90ec233288c6e8bd16cbe903222919
      size: 486225
    - path: models/best_model_info.json
      hash: md5
      md5: 4b27490f0ab81e52a67b3baac3d1de3c
      size: 540
  evaluate:
    cmd: python src/evaluate.py
    deps:
    - path: data/processed/X_test.csv
      hash: md5
      md5: 42beb7b9159c388ec167d81d057d76af
      size: 787404
    - path: data/processed/y_test.csv
      hash: md5
      md5: a821ef12f66baa78a0bc7c8c251c2e49
      size: 33972
    - path: models/best_model.joblib
      hash: md5
      md5: 3c90ec233288c6e8bd16cbe903222919
      size: 486225
    - path: models/best_model_info.json
      hash: md5
      md5: 4b27490f0ab81e52a67b3baac3d1de3c
      size: 540
    - path: params.yaml
      hash: md5
      md5: 0bd4aaaaee6a0dbfb297cbc16c19e810
      size: 363
    - path: src/evaluate.py
      hash: md5
      md5: 473d21acd1e3d851938ba425f2f252c4
      size: 1471
    outs:
    - path: metrics.json
      hash: md5
      md5: 966db5a717678578e26ad5700d2bd7f2
      size: 129
